
Microsoft Visual Studio Solution File, Format Version 12.00
# Visual Studio Version 16
VisualStudioVersion = 16.0.29728.190
MinimumVisualStudioVersion = 10.0.40219.1
Project("{FAE04EC0-301F-11D3-BF4B-00C04F79EFBC}") = "Keylogger", "Keylogger.csproj", "{370DD72C-0EF1-4BF5-AF30-D80C6A82CC33}"
EndProject
Global
	GlobalSection(SolutionConfigurationPlatforms) = preSolution
		Debug|Any CPU = Debug|Any CPU
		Release|Any CPU = Release|Any CPU
	EndGlobalSection
	GlobalSection(ProjectConfigurationPlatforms) = postSolution
		{370DD72C-0EF1-4BF5-AF30-D80C6A82CC33}.Debug|Any CPU.ActiveCfg = Debug|Any CPU
		{370DD72C-0EF1-4BF5-AF30-D80C6A82CC33}.Debug|Any CPU.Build.0 = Debug|Any CPU
		{370DD72C-0EF1-4BF5-AF30-D80C6A82CC33}.Release|Any CPU.ActiveCfg = Release|Any CPU
		{370DD72C-0EF1-4BF5-AF30-D80C6A82CC33}.Release|Any CPU.Build.0 = Release|Any CPU
	EndGlobalSection
	GlobalSection(SolutionProperties) = preSolution
		HideSolutionNode = FALSE
	EndGlobalSection
	GlobalSection(ExtensibilityGlobals) = postSolution
		SolutionGuid = {315742CE-ADB5-4E2B-A4B0-9E6FE4B103A6}
	EndGlobalSection
EndGlobal
